
Microsoft Visual Studio Solution File, Format Version 12.00
# Visual Studio 2017
Project("{FAE04EC0-301F-11D3-BF4B-00C04F79EFBC}") = "Code Test 020218", "Code Test 020218.csproj", "{5590151E-2FEA-983D-69AC-56743B6F277B}"
EndProject
Global
	GlobalSection(SolutionConfigurationPlatforms) = preSolution
		Debug|Any CPU = Debug|Any CPU
		Release|Any CPU = Release|Any CPU
	EndGlobalSection
	GlobalSection(ProjectConfigurationPlatforms) = postSolution
		{5590151E-2FEA-983D-69AC-56743B6F277B}.Debug|Any CPU.ActiveCfg = Debug|Any CPU
		{5590151E-2FEA-983D-69AC-56743B6F277B}.Debug|Any CPU.Build.0 = Debug|Any CPU
		{5590151E-2FEA-983D-69AC-56743B6F277B}.Release|Any CPU.ActiveCfg = Release|Any CPU
		{5590151E-2FEA-983D-69AC-56743B6F277B}.Release|Any CPU.Build.0 = Release|Any CPU
	EndGlobalSection
	GlobalSection(SolutionProperties) = preSolution
		HideSolutionNode = FALSE
	EndGlobalSection
EndGlobal
